// !$*UTF8*$!
{
	archiveVersion = 1;
	classes = {
	};
	objectVersion = 46;
	objects = {

/* Begin PBXBuildFile section */
		A2CF34591EBB8B6B00ABDE0C /* AppDelegate.swift in Sources */ = {isa = PBXBuildFile; fileRef = A2CF34581EBB8B6B00ABDE0C /* AppDelegate.swift */; };
		A2CF345E1EBB8B6C00ABDE0C /* Main.storyboard in Resources */ = {isa = PBXBuildFile; fileRef = A2CF345C1EBB8B6C00ABDE0C /* Main.storyboard */; };
		A2CF34601EBB8B6C00ABDE0C /* Assets.xcassets in Resources */ = {isa = PBXBuildFile; fileRef = A2CF345F1EBB8B6C00ABDE0C /* Assets.xcassets */; };
		A2CF34631EBB8B6C00ABDE0C /* LaunchScreen.storyboard in Resources */ = {isa = PBXBuildFile; fileRef = A2CF34611EBB8B6C00ABDE0C /* LaunchScreen.storyboard */; };
		A2CF346B1EBB8C5200ABDE0C /* YellowViewController.swift in Sources */ = {isa = PBXBuildFile; fileRef = A2CF346A1EBB8C5200ABDE0C /* YellowViewController.swift */; settings = {ASSET_TAGS = (); }; };
		A2CF346D1EBB8C7E00ABDE0C /* SwitchViewController.swift in Sources */ = {isa = PBXBuildFile; fileRef = A2CF346C1EBB8C7E00ABDE0C /* SwitchViewController.swift */; settings = {ASSET_TAGS = (); }; };
		A2CF346F1EBB8C8900ABDE0C /* BlueViewController.swift in Sources */ = {isa = PBXBuildFile; fileRef = A2CF346E1EBB8C8900ABDE0C /* BlueViewController.swift */; settings = {ASSET_TAGS = (); }; };
/* End PBXBuildFile section */

/* Begin PBXFileReference section */
		A2CF34551EBB8B6B00ABDE0C /* EVA3_4_MULTI_VIEW_A_PATIN2.app */ = {isa = PBXFileReference; explicitFileType = wrapper.application; includeInIndex = 0; path = EVA3_4_MULTI_VIEW_A_PATIN2.app; sourceTree = BUILT_PRODUCTS_DIR; };
		A2CF34581EBB8B6B00ABDE0C /* AppDelegate.swift */ = {isa = PBXFileReference; lastKnownFileType = sourcecode.swift; path = AppDelegate.swift; sourceTree = "<group>"; };
		A2CF345D1EBB8B6C00ABDE0C /* Base */ = {isa = PBXFileReference; lastKnownFileType = file.storyboard; name = Base; path = Base.lproj/Main.storyboard; sourceTree = "<group>"; };
		A2CF345F1EBB8B6C00ABDE0C /* Assets.xcassets */ = {isa = PBXFileReference; lastKnownFileType = folder.assetcatalog; path = Assets.xcassets; sourceTree = "<group>"; };
		A2CF34621EBB8B6C00ABDE0C /* Base */ = {isa = PBXFileReference; lastKnownFileType = file.storyboard; name = Base; path = Base.lproj/LaunchScreen.storyboard; sourceTree = "<group>"; };
		A2CF34641EBB8B6C00ABDE0C /* Info.plist */ = {isa = PBXFileReference; lastKnownFileType = text.plist.xml; path = Info.plist; sourceTree = "<group>"; };
		A2CF346A1EBB8C5200ABDE0C /* YellowViewController.swift */ = {isa = PBXFileReference; fileEncoding = 4; lastKnownFileType = sourcecode.swift; path = YellowViewController.swift; sourceTree = "<group>"; };
		A2CF346C1EBB8C7E00ABDE0C /* SwitchViewController.swift */ = {isa = PBXFileReference; fileEncoding = 4; lastKnownFileType = sourcecode.swift; path = SwitchViewController.swift; sourceTree = "<group>"; };
		A2CF346E1EBB8C8900ABDE0C /* BlueViewController.swift */ = {isa = PBXFileReference; fileEncoding = 4; lastKnownFileType = sourcecode.swift; path = BlueViewController.swift; sourceTree = "<group>"; };
/* End PBXFileReference section */

/* Begin PBXFrameworksBuildPhase section */
		A2CF34521EBB8B6B00ABDE0C /* Frameworks */ = {
			isa = PBXFrameworksBuildPhase;
			buildActionMask = 2147483647;
			files = (
			);
			runOnlyForDeploymentPostprocessing = 0;
		};
/* End PBXFrameworksBuildPhase section */

/* Begin PBXGroup section */
		A2CF344C1EBB8B6B00ABDE0C = {
			isa = PBXGroup;
			children = (
				A2CF34571EBB8B6B00ABDE0C /* EVA3_4_MULTI_VIEW_A_PATIN2 */,
				A2CF34561EBB8B6B00ABDE0C /* Products */,
			);
			sourceTree = "<group>";
		};
		A2CF34561EBB8B6B00ABDE0C /* Products */ = {
			isa = PBXGroup;
			children = (
				A2CF34551EBB8B6B00ABDE0C /* EVA3_4_MULTI_VIEW_A_PATIN2.app */,
			);
			name = Products;
			sourceTree = "<group>";
		};
		A2CF34571EBB8B6B00ABDE0C /* EVA3_4_MULTI_VIEW_A_PATIN2 */ = {
			isa = PBXGroup;
			children = (
				A2CF34581EBB8B6B00ABDE0C /* AppDelegate.swift */,
				A2CF345C1EBB8B6C00ABDE0C /* Main.storyboard */,
				A2CF345F1EBB8B6C00ABDE0C /* Assets.xcassets */,
				A2CF34611EBB8B6C00ABDE0C /* LaunchScreen.storyboard */,
				A2CF34641EBB8B6C00ABDE0C /* Info.plist */,
				A2CF346A1EBB8C5200ABDE0C /* YellowViewController.swift */,
				A2CF346C1EBB8C7E00ABDE0C /* SwitchViewController.swift */,
				A2CF346E1EBB8C8900ABDE0C /* BlueViewController.swift */,
			);
			path = EVA3_4_MULTI_VIEW_A_PATIN2;
			sourceTree = "<group>";
		};
/* End PBXGroup section */

/* Begin PBXNativeTarget section */
		A2CF34541EBB8B6B00ABDE0C /* EVA3_4_MULTI_VIEW_A_PATIN2 */ = {
			isa = PBXNativeTarget;
			buildConfigurationList = A2CF34671EBB8B6C00ABDE0C /* Build configuration list for PBXNativeTarget "EVA3_4_MULTI_VIEW_A_PATIN2" */;
			buildPhases = (
				A2CF34511EBB8B6B00ABDE0C /* Sources */,
				A2CF34521EBB8B6B00ABDE0C /* Frameworks */,
				A2CF34531EBB8B6B00ABDE0C /* Resources */,
			);
			buildRules = (
			);
			dependencies = (
			);
			name = EVA3_4_MULTI_VIEW_A_PATIN2;
			productName = EVA3_4_MULTI_VIEW_A_PATIN2;
			productReference = A2CF34551EBB8B6B00ABDE0C /* EVA3_4_MULTI_VIEW_A_PATIN2.app */;
			productType = "com.apple.product-type.application";
		};
/* End PBXNativeTarget section */

/* Begin PBXProject section */
		A2CF344D1EBB8B6B00ABDE0C /* Project object */ = {
			isa = PBXProject;
			attributes = {
				LastUpgradeCheck = 0700;
				ORGANIZATIONNAME = comdanelly;
				TargetAttributes = {
					A2CF34541EBB8B6B00ABDE0C = {
						CreatedOnToolsVersion = 7.0;
					};
				};
			};
			buildConfigurationList = A2CF34501EBB8B6B00ABDE0C /* Build configuration list for PBXProject "EVA3_4_MULTI_VIEW_A_PATIN2" */;
			compatibilityVersion = "Xcode 3.2";
			developmentRegion = English;
			hasScannedForEncodings = 0;
			knownRegions = (
				en,
				Base,
			);
			mainGroup = A2CF344C1EBB8B6B00ABDE0C;
			productRefGroup = A2CF34561EBB8B6B00ABDE0C /* Products */;
			projectDirPath = "";
			projectRoot = "";
			targets = (
				A2CF34541EBB8B6B00ABDE0C /* EVA3_4_MULTI_VIEW_A_PATIN2 */,
			);
		};
/* End PBXProject section */

/* Begin PBXResourcesBuildPhase section */
		A2CF34531EBB8B6B00ABDE0C /* Resources */ = {
			isa = PBXResourcesBuildPhase;
			buildActionMask = 2147483647;
			files = (
				A2CF34631EBB8B6C00ABDE0C /* LaunchScreen.storyboard in Resources */,
				A2CF34601EBB8B6C00ABDE0C /* Assets.xcassets in Resources */,
				A2CF345E1EBB8B6C00ABDE0C /* Main.storyboard in Resources */,
			);
			runOnlyForDeploymentPostprocessing = 0;
		};
/* End PBXResourcesBuildPhase section */

/* Begin PBXSourcesBuildPhase section */
		A2CF34511EBB8B6B00ABDE0C /* Sources */ = {
			isa = PBXSourcesBuildPhase;
			buildActionMask = 2147483647;
			files = (
				A2CF346D1EBB8C7E00ABDE0C /* SwitchViewController.swift in Sources */,
				A2CF346B1EBB8C5200ABDE0C /* YellowViewController.swift in Sources */,
				A2CF346F1EBB8C8900ABDE0C /* BlueViewController.swift in Sources */,
				A2CF34591EBB8B6B00ABDE0C /* AppDelegate.swift in Sources */,
			);
			runOnlyForDeploymentPostprocessing = 0;
		};
/* End PBXSourcesBuildPhase section */

/* Begin PBXVariantGroup section */
		A2CF345C1EBB8B6C00ABDE0C /* Main.storyboard */ = {
			isa = PBXVariantGroup;
			children = (
				A2CF345D1EBB8B6C00ABDE0C /* Base */,
			);
			name = Main.storyboard;
			sourceTree = "<group>";
		};
		A2CF34611EBB8B6C00ABDE0C /* LaunchScreen.storyboard */ = {
			isa = PBXVariantGroup;
			children = (
				A2CF34621EBB8B6C00ABDE0C /* Base */,
			);
			name = LaunchScreen.storyboard;
			sourceTree = "<group>";
		};
/* End PBXVariantGroup section */

/* Begin XCBuildConfiguration section */
		A2CF34651EBB8B6C00ABDE0C /* Debug */ = {
			isa = XCBuildConfiguration;
			buildSettings = {
				ALWAYS_SEARCH_USER_PATHS = NO;
				CLANG_CXX_LANGUAGE_STANDARD = "gnu++0x";
				CLANG_CXX_LIBRARY = "libc++";
				CLANG_ENABLE_MODULES = YES;
				CLANG_ENABLE_OBJC_ARC = YES;
				CLANG_WARN_BOOL_CONVERSION = YES;
				CLANG_WARN_CONSTANT_CONVERSION = YES;
				CLANG_WARN_DIRECT_OBJC_ISA_USAGE = YES_ERROR;
				CLANG_WARN_EMPTY_BODY = YES;
				CLANG_WARN_ENUM_CONVERSION = YES;
				CLANG_WARN_INT_CONVERSION = YES;
				CLANG_WARN_OBJC_ROOT_CLASS = YES_ERROR;
				CLANG_WARN_UNREACHABLE_CODE = YES;
				CLANG_WARN__DUPLICATE_METHOD_MATCH = YES;
				"CODE_SIGN_IDENTITY[sdk=iphoneos*]" = "iPhone Developer";
				COPY_PHASE_STRIP = NO;
				DEBUG_INFORMATION_FORMAT = dwarf;
				ENABLE_STRICT_OBJC_MSGSEND = YES;
				ENABLE_TESTABILITY = YES;
				GCC_C_LANGUAGE_STANDARD = gnu99;
				GCC_DYNAMIC_NO_PIC = NO;
				GCC_NO_COMMON_BLOCKS = YES;
				GCC_OPTIMIZATION_LEVEL = 0;
				GCC_PREPROCESSOR_DEFINITIONS = (
					"DEBUG=1",
					"$(inherited)",
				);
				GCC_WARN_64_TO_32_BIT_CONVERSION = YES;
				GCC_WARN_ABOUT_RETURN_TYPE = YES_ERROR;
				GCC_WARN_UNDECLARED_SELECTOR = YES;
				GCC_WARN_UNINITIALIZED_AUTOS = YES_AGGRESSIVE;
				GCC_WARN_UNUSED_FUNCTION = YES;
				GCC_WARN_UNUSED_VARIABLE = YES;
				IPHONEOS_DEPLOYMENT_TARGET = 9.0;
				MTL_ENABLE_DEBUG_INFO = YES;
				ONLY_ACTIVE_ARCH = YES;
				SDKROOT = iphoneos;
				SWIFT_OPTIMIZATION_LEVEL = "-Onone";
				TARGETED_DEVICE_FAMILY = "1,2";
			};
			name = Debug;
		};
		A2CF34661EBB8B6C00ABDE0C /* Release */ = {
			isa = XCBuildConfiguration;
			buildSettings = {
				ALWAYS_SEARCH_USER_PATHS = NO;
				CLANG_CXX_LANGUAGE_STANDARD = "gnu++0x";
				CLANG_CXX_LIBRARY = "libc++";
				CLANG_ENABLE_MODULES = YES;
				CLANG_ENABLE_OBJC_ARC = YES;
				CLANG_WARN_BOOL_CONVERSION = YES;
				CLANG_WARN_CONSTANT_CONVERSION = YES;
				CLANG_WARN_DIRECT_OBJC_ISA_USAGE = YES_ERROR;
				CLANG_WARN_EMPTY_BODY = YES;
				CLANG_WARN_ENUM_CONVERSION = YES;
				CLANG_WARN_INT_CONVERSION = YES;
				CLANG_WARN_OBJC_ROOT_CLASS = YES_ERROR;
				CLANG_WARN_UNREACHABLE_CODE = YES;
				CLANG_WARN__DUPLICATE_METHOD_MATCH = YES;
				"CODE_SIGN_IDENTITY[sdk=iphoneos*]" = "iPhone Developer";
				COPY_PHASE_STRIP = NO;
				DEBUG_INFORMATION_FORMAT = "dwarf-with-dsym";
				ENABLE_NS_ASSERTIONS = NO;
				ENABLE_STRICT_OBJC_MSGSEND = YES;
				GCC_C_LANGUAGE_STANDARD = gnu99;
				GCC_NO_COMMON_BLOCKS = YES;
				GCC_WARN_64_TO_32_BIT_CONVERSION = YES;
				GCC_WARN_ABOUT_RETURN_TYPE = YES_ERROR;
				GCC_WARN_UNDECLARED_SELECTOR = YES;
				GCC_WARN_UNINITIALIZED_AUTOS = YES_AGGRESSIVE;
				GCC_WARN_UNUSED_FUNCTION = YES;
				GCC_WARN_UNUSED_VARIABLE = YES;
				IPHONEOS_DEPLOYMENT_TARGET = 9.0;
				MTL_ENABLE_DEBUG_INFO = NO;
				SDKROOT = iphoneos;
				TARGETED_DEVICE_FAMILY = "1,2";
				VALIDATE_PRODUCT = YES;
			};
			name = Release;
		};
		A2CF34681EBB8B6C00ABDE0C /* Debug */ = {
			isa = XCBuildConfiguration;
			buildSettings = {
				ASSETCATALOG_COMPILER_APPICON_NAME = AppIcon;
				INFOPLIST_FILE = EVA3_4_MULTI_VIEW_A_PATIN2/Info.plist;
				LD_RUNPATH_SEARCH_PATHS = "$(inherited) @executable_path/Frameworks";
				PRODUCT_BUNDLE_IDENTIFIER = "comdanelly.EVA3-4-MULTI-VIEW-A-PATIN2";
				PRODUCT_NAME = "$(TARGET_NAME)";
			};
			name = Debug;
		};
		A2CF34691EBB8B6C00ABDE0C /* Release */ = {
			isa = XCBuildConfiguration;
			buildSettings = {
				ASSETCATALOG_COMPILER_APPICON_NAME = AppIcon;
				INFOPLIST_FILE = EVA3_4_MULTI_VIEW_A_PATIN2/Info.plist;
				LD_RUNPATH_SEARCH_PATHS = "$(inherited) @executable_path/Frameworks";
				PRODUCT_BUNDLE_IDENTIFIER = "comdanelly.EVA3-4-MULTI-VIEW-A-PATIN2";
				PRODUCT_NAME = "$(TARGET_NAME)";
			};
			name = Release;
		};
/* End XCBuildConfiguration section */

/* Begin XCConfigurationList section */
		A2CF34501EBB8B6B00ABDE0C /* Build configuration list for PBXProject "EVA3_4_MULTI_VIEW_A_PATIN2" */ = {
			isa = XCConfigurationList;
			buildConfigurations = (
				A2CF34651EBB8B6C00ABDE0C /* Debug */,
				A2CF34661EBB8B6C00ABDE0C /* Release */,
			);
			defaultConfigurationIsVisible = 0;
			defaultConfigurationName = Release;
		};
		A2CF34671EBB8B6C00ABDE0C /* Build configuration list for PBXNativeTarget "EVA3_4_MULTI_VIEW_A_PATIN2" */ = {
			isa = XCConfigurationList;
			buildConfigurations = (
				A2CF34681EBB8B6C00ABDE0C /* Debug */,
				A2CF34691EBB8B6C00ABDE0C /* Release */,
			);
			defaultConfigurationIsVisible = 0;
		};
/* End XCConfigurationList section */
	};
	rootObject = A2CF344D1EBB8B6B00ABDE0C /* Project object */;
}
