// !$*UTF8*$!
{
	archiveVersion = 1;
	classes = {
	};
	objectVersion = 46;
	objects = {

/* Begin PBXBuildFile section */
		A23440051EDC883A006CB6A5 /* AppDelegate.swift in Sources */ = {isa = PBXBuildFile; fileRef = A23440041EDC883A006CB6A5 /* AppDelegate.swift */; };
		A23440071EDC883A006CB6A5 /* ViewController.swift in Sources */ = {isa = PBXBuildFile; fileRef = A23440061EDC883A006CB6A5 /* ViewController.swift */; };
		A234400A1EDC883A006CB6A5 /* Main.storyboard in Resources */ = {isa = PBXBuildFile; fileRef = A23440081EDC883A006CB6A5 /* Main.storyboard */; };
		A234400C1EDC883A006CB6A5 /* Assets.xcassets in Resources */ = {isa = PBXBuildFile; fileRef = A234400B1EDC883A006CB6A5 /* Assets.xcassets */; };
		A234400F1EDC883A006CB6A5 /* LaunchScreen.storyboard in Resources */ = {isa = PBXBuildFile; fileRef = A234400D1EDC883A006CB6A5 /* LaunchScreen.storyboard */; };
		A23440171EDC88F4006CB6A5 /* ViewController1.swift in Sources */ = {isa = PBXBuildFile; fileRef = A23440161EDC88F4006CB6A5 /* ViewController1.swift */; settings = {ASSET_TAGS = (); }; };
		A23440191EDC8908006CB6A5 /* ViewController2.swift in Sources */ = {isa = PBXBuildFile; fileRef = A23440181EDC8908006CB6A5 /* ViewController2.swift */; settings = {ASSET_TAGS = (); }; };
		A234401B1EDC891D006CB6A5 /* ViewController3.swift in Sources */ = {isa = PBXBuildFile; fileRef = A234401A1EDC891D006CB6A5 /* ViewController3.swift */; settings = {ASSET_TAGS = (); }; };
		A234401D1EDC892C006CB6A5 /* TabViewController.swift in Sources */ = {isa = PBXBuildFile; fileRef = A234401C1EDC892C006CB6A5 /* TabViewController.swift */; settings = {ASSET_TAGS = (); }; };
/* End PBXBuildFile section */

/* Begin PBXFileReference section */
		A23440011EDC883A006CB6A5 /* EVA3_2_TABLA_DATOS.app */ = {isa = PBXFileReference; explicitFileType = wrapper.application; includeInIndex = 0; path = EVA3_2_TABLA_DATOS.app; sourceTree = BUILT_PRODUCTS_DIR; };
		A23440041EDC883A006CB6A5 /* AppDelegate.swift */ = {isa = PBXFileReference; lastKnownFileType = sourcecode.swift; path = AppDelegate.swift; sourceTree = "<group>"; };
		A23440061EDC883A006CB6A5 /* ViewController.swift */ = {isa = PBXFileReference; lastKnownFileType = sourcecode.swift; path = ViewController.swift; sourceTree = "<group>"; };
		A23440091EDC883A006CB6A5 /* Base */ = {isa = PBXFileReference; lastKnownFileType = file.storyboard; name = Base; path = Base.lproj/Main.storyboard; sourceTree = "<group>"; };
		A234400B1EDC883A006CB6A5 /* Assets.xcassets */ = {isa = PBXFileReference; lastKnownFileType = folder.assetcatalog; path = Assets.xcassets; sourceTree = "<group>"; };
		A234400E1EDC883A006CB6A5 /* Base */ = {isa = PBXFileReference; lastKnownFileType = file.storyboard; name = Base; path = Base.lproj/LaunchScreen.storyboard; sourceTree = "<group>"; };
		A23440101EDC883A006CB6A5 /* Info.plist */ = {isa = PBXFileReference; lastKnownFileType = text.plist.xml; path = Info.plist; sourceTree = "<group>"; };
		A23440161EDC88F4006CB6A5 /* ViewController1.swift */ = {isa = PBXFileReference; fileEncoding = 4; lastKnownFileType = sourcecode.swift; name = ViewController1.swift; path = ../ViewController1.swift; sourceTree = "<group>"; };
		A23440181EDC8908006CB6A5 /* ViewController2.swift */ = {isa = PBXFileReference; fileEncoding = 4; lastKnownFileType = sourcecode.swift; path = ViewController2.swift; sourceTree = "<group>"; };
		A234401A1EDC891D006CB6A5 /* ViewController3.swift */ = {isa = PBXFileReference; fileEncoding = 4; lastKnownFileType = sourcecode.swift; path = ViewController3.swift; sourceTree = "<group>"; };
		A234401C1EDC892C006CB6A5 /* TabViewController.swift */ = {isa = PBXFileReference; fileEncoding = 4; lastKnownFileType = sourcecode.swift; path = TabViewController.swift; sourceTree = "<group>"; };
/* End PBXFileReference section */

/* Begin PBXFrameworksBuildPhase section */
		A2343FFE1EDC883A006CB6A5 /* Frameworks */ = {
			isa = PBXFrameworksBuildPhase;
			buildActionMask = 2147483647;
			files = (
			);
			runOnlyForDeploymentPostprocessing = 0;
		};
/* End PBXFrameworksBuildPhase section */

/* Begin PBXGroup section */
		A2343FF81EDC883A006CB6A5 = {
			isa = PBXGroup;
			children = (
				A23440031EDC883A006CB6A5 /* EVA3_2_TABLA_DATOS */,
				A23440021EDC883A006CB6A5 /* Products */,
			);
			sourceTree = "<group>";
		};
		A23440021EDC883A006CB6A5 /* Products */ = {
			isa = PBXGroup;
			children = (
				A23440011EDC883A006CB6A5 /* EVA3_2_TABLA_DATOS.app */,
			);
			name = Products;
			sourceTree = "<group>";
		};
		A23440031EDC883A006CB6A5 /* EVA3_2_TABLA_DATOS */ = {
			isa = PBXGroup;
			children = (
				A23440041EDC883A006CB6A5 /* AppDelegate.swift */,
				A23440061EDC883A006CB6A5 /* ViewController.swift */,
				A23440081EDC883A006CB6A5 /* Main.storyboard */,
				A23440161EDC88F4006CB6A5 /* ViewController1.swift */,
				A23440181EDC8908006CB6A5 /* ViewController2.swift */,
				A234401A1EDC891D006CB6A5 /* ViewController3.swift */,
				A234401C1EDC892C006CB6A5 /* TabViewController.swift */,
				A234400B1EDC883A006CB6A5 /* Assets.xcassets */,
				A234400D1EDC883A006CB6A5 /* LaunchScreen.storyboard */,
				A23440101EDC883A006CB6A5 /* Info.plist */,
			);
			path = EVA3_2_TABLA_DATOS;
			sourceTree = "<group>";
		};
/* End PBXGroup section */

/* Begin PBXNativeTarget section */
		A23440001EDC883A006CB6A5 /* EVA3_2_TABLA_DATOS */ = {
			isa = PBXNativeTarget;
			buildConfigurationList = A23440131EDC883A006CB6A5 /* Build configuration list for PBXNativeTarget "EVA3_2_TABLA_DATOS" */;
			buildPhases = (
				A2343FFD1EDC883A006CB6A5 /* Sources */,
				A2343FFE1EDC883A006CB6A5 /* Frameworks */,
				A2343FFF1EDC883A006CB6A5 /* Resources */,
			);
			buildRules = (
			);
			dependencies = (
			);
			name = EVA3_2_TABLA_DATOS;
			productName = EVA3_2_TABLA_DATOS;
			productReference = A23440011EDC883A006CB6A5 /* EVA3_2_TABLA_DATOS.app */;
			productType = "com.apple.product-type.application";
		};
/* End PBXNativeTarget section */

/* Begin PBXProject section */
		A2343FF91EDC883A006CB6A5 /* Project object */ = {
			isa = PBXProject;
			attributes = {
				LastUpgradeCheck = 0700;
				ORGANIZATIONNAME = comdanelly;
				TargetAttributes = {
					A23440001EDC883A006CB6A5 = {
						CreatedOnToolsVersion = 7.0;
					};
				};
			};
			buildConfigurationList = A2343FFC1EDC883A006CB6A5 /* Build configuration list for PBXProject "EVA3_2_TABLA_DATOS" */;
			compatibilityVersion = "Xcode 3.2";
			developmentRegion = English;
			hasScannedForEncodings = 0;
			knownRegions = (
				en,
				Base,
			);
			mainGroup = A2343FF81EDC883A006CB6A5;
			productRefGroup = A23440021EDC883A006CB6A5 /* Products */;
			projectDirPath = "";
			projectRoot = "";
			targets = (
				A23440001EDC883A006CB6A5 /* EVA3_2_TABLA_DATOS */,
			);
		};
/* End PBXProject section */

/* Begin PBXResourcesBuildPhase section */
		A2343FFF1EDC883A006CB6A5 /* Resources */ = {
			isa = PBXResourcesBuildPhase;
			buildActionMask = 2147483647;
			files = (
				A234400F1EDC883A006CB6A5 /* LaunchScreen.storyboard in Resources */,
				A234400C1EDC883A006CB6A5 /* Assets.xcassets in Resources */,
				A234400A1EDC883A006CB6A5 /* Main.storyboard in Resources */,
			);
			runOnlyForDeploymentPostprocessing = 0;
		};
/* End PBXResourcesBuildPhase section */

/* Begin PBXSourcesBuildPhase section */
		A2343FFD1EDC883A006CB6A5 /* Sources */ = {
			isa = PBXSourcesBuildPhase;
			buildActionMask = 2147483647;
			files = (
				A234401D1EDC892C006CB6A5 /* TabViewController.swift in Sources */,
				A234401B1EDC891D006CB6A5 /* ViewController3.swift in Sources */,
				A23440171EDC88F4006CB6A5 /* ViewController1.swift in Sources */,
				A23440191EDC8908006CB6A5 /* ViewController2.swift in Sources */,
				A23440071EDC883A006CB6A5 /* ViewController.swift in Sources */,
				A23440051EDC883A006CB6A5 /* AppDelegate.swift in Sources */,
			);
			runOnlyForDeploymentPostprocessing = 0;
		};
/* End PBXSourcesBuildPhase section */

/* Begin PBXVariantGroup section */
		A23440081EDC883A006CB6A5 /* Main.storyboard */ = {
			isa = PBXVariantGroup;
			children = (
				A23440091EDC883A006CB6A5 /* Base */,
			);
			name = Main.storyboard;
			sourceTree = "<group>";
		};
		A234400D1EDC883A006CB6A5 /* LaunchScreen.storyboard */ = {
			isa = PBXVariantGroup;
			children = (
				A234400E1EDC883A006CB6A5 /* Base */,
			);
			name = LaunchScreen.storyboard;
			sourceTree = "<group>";
		};
/* End PBXVariantGroup section */

/* Begin XCBuildConfiguration section */
		A23440111EDC883A006CB6A5 /* Debug */ = {
			isa = XCBuildConfiguration;
			buildSettings = {
				ALWAYS_SEARCH_USER_PATHS = NO;
				CLANG_CXX_LANGUAGE_STANDARD = "gnu++0x";
				CLANG_CXX_LIBRARY = "libc++";
				CLANG_ENABLE_MODULES = YES;
				CLANG_ENABLE_OBJC_ARC = YES;
				CLANG_WARN_BOOL_CONVERSION = YES;
				CLANG_WARN_CONSTANT_CONVERSION = YES;
				CLANG_WARN_DIRECT_OBJC_ISA_USAGE = YES_ERROR;
				CLANG_WARN_EMPTY_BODY = YES;
				CLANG_WARN_ENUM_CONVERSION = YES;
				CLANG_WARN_INT_CONVERSION = YES;
				CLANG_WARN_OBJC_ROOT_CLASS = YES_ERROR;
				CLANG_WARN_UNREACHABLE_CODE = YES;
				CLANG_WARN__DUPLICATE_METHOD_MATCH = YES;
				"CODE_SIGN_IDENTITY[sdk=iphoneos*]" = "iPhone Developer";
				COPY_PHASE_STRIP = NO;
				DEBUG_INFORMATION_FORMAT = dwarf;
				ENABLE_STRICT_OBJC_MSGSEND = YES;
				ENABLE_TESTABILITY = YES;
				GCC_C_LANGUAGE_STANDARD = gnu99;
				GCC_DYNAMIC_NO_PIC = NO;
				GCC_NO_COMMON_BLOCKS = YES;
				GCC_OPTIMIZATION_LEVEL = 0;
				GCC_PREPROCESSOR_DEFINITIONS = (
					"DEBUG=1",
					"$(inherited)",
				);
				GCC_WARN_64_TO_32_BIT_CONVERSION = YES;
				GCC_WARN_ABOUT_RETURN_TYPE = YES_ERROR;
				GCC_WARN_UNDECLARED_SELECTOR = YES;
				GCC_WARN_UNINITIALIZED_AUTOS = YES_AGGRESSIVE;
				GCC_WARN_UNUSED_FUNCTION = YES;
				GCC_WARN_UNUSED_VARIABLE = YES;
				IPHONEOS_DEPLOYMENT_TARGET = 9.0;
				MTL_ENABLE_DEBUG_INFO = YES;
				ONLY_ACTIVE_ARCH = YES;
				SDKROOT = iphoneos;
				SWIFT_OPTIMIZATION_LEVEL = "-Onone";
				TARGETED_DEVICE_FAMILY = "1,2";
			};
			name = Debug;
		};
		A23440121EDC883A006CB6A5 /* Release */ = {
			isa = XCBuildConfiguration;
			buildSettings = {
				ALWAYS_SEARCH_USER_PATHS = NO;
				CLANG_CXX_LANGUAGE_STANDARD = "gnu++0x";
				CLANG_CXX_LIBRARY = "libc++";
				CLANG_ENABLE_MODULES = YES;
				CLANG_ENABLE_OBJC_ARC = YES;
				CLANG_WARN_BOOL_CONVERSION = YES;
				CLANG_WARN_CONSTANT_CONVERSION = YES;
				CLANG_WARN_DIRECT_OBJC_ISA_USAGE = YES_ERROR;
				CLANG_WARN_EMPTY_BODY = YES;
				CLANG_WARN_ENUM_CONVERSION = YES;
				CLANG_WARN_INT_CONVERSION = YES;
				CLANG_WARN_OBJC_ROOT_CLASS = YES_ERROR;
				CLANG_WARN_UNREACHABLE_CODE = YES;
				CLANG_WARN__DUPLICATE_METHOD_MATCH = YES;
				"CODE_SIGN_IDENTITY[sdk=iphoneos*]" = "iPhone Developer";
				COPY_PHASE_STRIP = NO;
				DEBUG_INFORMATION_FORMAT = "dwarf-with-dsym";
				ENABLE_NS_ASSERTIONS = NO;
				ENABLE_STRICT_OBJC_MSGSEND = YES;
				GCC_C_LANGUAGE_STANDARD = gnu99;
				GCC_NO_COMMON_BLOCKS = YES;
				GCC_WARN_64_TO_32_BIT_CONVERSION = YES;
				GCC_WARN_ABOUT_RETURN_TYPE = YES_ERROR;
				GCC_WARN_UNDECLARED_SELECTOR = YES;
				GCC_WARN_UNINITIALIZED_AUTOS = YES_AGGRESSIVE;
				GCC_WARN_UNUSED_FUNCTION = YES;
				GCC_WARN_UNUSED_VARIABLE = YES;
				IPHONEOS_DEPLOYMENT_TARGET = 9.0;
				MTL_ENABLE_DEBUG_INFO = NO;
				SDKROOT = iphoneos;
				TARGETED_DEVICE_FAMILY = "1,2";
				VALIDATE_PRODUCT = YES;
			};
			name = Release;
		};
		A23440141EDC883A006CB6A5 /* Debug */ = {
			isa = XCBuildConfiguration;
			buildSettings = {
				ASSETCATALOG_COMPILER_APPICON_NAME = AppIcon;
				INFOPLIST_FILE = EVA3_2_TABLA_DATOS/Info.plist;
				LD_RUNPATH_SEARCH_PATHS = "$(inherited) @executable_path/Frameworks";
				PRODUCT_BUNDLE_IDENTIFIER = "comdanelly.EVA3-2-TABLA-DATOS";
				PRODUCT_NAME = "$(TARGET_NAME)";
			};
			name = Debug;
		};
		A23440151EDC883A006CB6A5 /* Release */ = {
			isa = XCBuildConfiguration;
			buildSettings = {
				ASSETCATALOG_COMPILER_APPICON_NAME = AppIcon;
				INFOPLIST_FILE = EVA3_2_TABLA_DATOS/Info.plist;
				LD_RUNPATH_SEARCH_PATHS = "$(inherited) @executable_path/Frameworks";
				PRODUCT_BUNDLE_IDENTIFIER = "comdanelly.EVA3-2-TABLA-DATOS";
				PRODUCT_NAME = "$(TARGET_NAME)";
			};
			name = Release;
		};
/* End XCBuildConfiguration section */

/* Begin XCConfigurationList section */
		A2343FFC1EDC883A006CB6A5 /* Build configuration list for PBXProject "EVA3_2_TABLA_DATOS" */ = {
			isa = XCConfigurationList;
			buildConfigurations = (
				A23440111EDC883A006CB6A5 /* Debug */,
				A23440121EDC883A006CB6A5 /* Release */,
			);
			defaultConfigurationIsVisible = 0;
			defaultConfigurationName = Release;
		};
		A23440131EDC883A006CB6A5 /* Build configuration list for PBXNativeTarget "EVA3_2_TABLA_DATOS" */ = {
			isa = XCConfigurationList;
			buildConfigurations = (
				A23440141EDC883A006CB6A5 /* Debug */,
				A23440151EDC883A006CB6A5 /* Release */,
			);
			defaultConfigurationIsVisible = 0;
		};
/* End XCConfigurationList section */
	};
	rootObject = A2343FF91EDC883A006CB6A5 /* Project object */;
}
